<?xml version="1.0" encoding="utf-8"?>
<Project ToolsVersion="4.0" xmlns="http://schemas.microsoft.com/developer/msbuild/2003">
  <ItemGroup>
    <FxCompile Include="geoPassPixelColor.hlsl" />
    <FxCompile Include="geoPassPixelTex.hlsl" />
    <FxCompile Include="geoPassVertTex.hlsl" />
    <FxCompile Include="geoPassVertColor.hlsl" />
    <FxCompile Include="lightPassPixel.hlsl" />
    <FxCompile Include="lightPassVert.hlsl" />
  </ItemGroup>
  <ItemGroup>
    <ClCompile Include="AbilityComponent.cpp" />
    <ClCompile Include="ControllerComponent.cpp" />
    <ClCompile Include="Camera.cpp" />
    <ClCompile Include="D3D.cpp" />
    <ClCompile Include="Renderer.cpp" />
    <ClCompile Include="GamePlayState.cpp" />
    <ClCompile Include="GameTime.cpp" />
    <ClCompile Include="InputComponent.cpp" />
    <ClCompile Include="KeyboardComponent.cpp" />
    <ClCompile Include="Locator.cpp" />
    <ClCompile Include="main.cpp" />
    <ClCompile Include="GameManager.cpp" />
    <ClCompile Include="BlockComponent.cpp" />
    <ClCompile Include="RenderInputOrganizer.cpp" />
    <ClCompile Include="Shader.cpp" />
    <ClCompile Include="AudioManager.cpp" />
    <ClCompile Include="StateManager.cpp" />
    <ClCompile Include="TextureComponent.cpp" />
    <ClCompile Include="ArenaObject.cpp">
      <Filter>Objects</Filter>
    </ClCompile>
    <ClCompile Include="ActorObject.cpp">
      <Filter>Objects</Filter>
    </ClCompile>
    <ClCompile Include="GameObject.cpp">
      <Filter>Objects</Filter>
    </ClCompile>
    <ClCompile Include="LineComponent.cpp">
      <Filter>Components</Filter>
    </ClCompile>
    <ClCompile Include="RectangleComponent.cpp">
      <Filter>Components</Filter>
    </ClCompile>
  </ItemGroup>
  <ItemGroup>
    <ClInclude Include="AbilityComponent.h" />
    <ClInclude Include="Commands.h" />
    <ClInclude Include="Component.h" />
    <ClInclude Include="ControllerComponent.h" />
    <ClInclude Include="Camera.h" />
    <ClInclude Include="D3D.h" />
    <ClInclude Include="ID3D.h" />
    <ClInclude Include="Renderer.h" />
    <ClInclude Include="GamePlayState.h" />
    <ClInclude Include="GameTime.h" />
    <ClInclude Include="GraphicsComponent.h" />
    <ClInclude Include="IGameTime.h" />
    <ClInclude Include="InputComponent.h" />
    <ClInclude Include="KeyboardComponent.h" />
    <ClInclude Include="IAudioManager.h" />
    <ClInclude Include="Locator.h" />
    <ClInclude Include="GameManager.h" />
    <ClInclude Include="BlockComponent.h" />
    <ClInclude Include="RenderInputOrganizer.h" />
    <ClInclude Include="Shader.h" />
    <ClInclude Include="AudioManager.h" />
    <ClInclude Include="State.h" />
    <ClInclude Include="StateManager.h" />
    <ClInclude Include="TextureComponent.h" />
    <ClInclude Include="ArenaObject.h">
      <Filter>Objects</Filter>
    </ClInclude>
    <ClInclude Include="ActorObject.h">
      <Filter>Objects</Filter>
    </ClInclude>
    <ClInclude Include="GameObject.h">
      <Filter>Objects</Filter>
    </ClInclude>
    <ClInclude Include="LineComponent.h">
      <Filter>Components</Filter>
    </ClInclude>
    <ClInclude Include="IGameTime.h">
      <Filter>Header Files\General</Filter>
    </ClInclude>
    <ClInclude Include="Locator.h">
      <Filter>Header Files\General</Filter>
    </ClInclude>
    <ClInclude Include="GameManager.h">
      <Filter>Header Files\General</Filter>
    </ClInclude>
    <ClInclude Include="GamePlayState.h">
      <Filter>Header Files\States</Filter>
    </ClInclude>
    <ClInclude Include="GraphicsComponent.h">
      <Filter>Header Files\Components\Graphics</Filter>
    </ClInclude>
    <ClInclude Include="TextureComponent.h">
      <Filter>Header Files\Components\Graphics</Filter>
    </ClInclude>
    <ClInclude Include="GraphicsComponent.h">
      <Filter>Header Files\Components\Graphics</Filter>
    </ClInclude>
    <ClInclude Include="BlockComponent.h">
      <Filter>Header Files\Components\Graphics</Filter>
    </ClInclude>
    <ClInclude Include="Shader.h">
      <Filter>Header Files\General</Filter>
    </ClInclude>
    <ClInclude Include="Renderer.h">
      <Filter>Header Files\General</Filter>
    </ClInclude>
    <ClInclude Include="RenderInputOrganizer.h">
      <Filter>Header Files\General</Filter>
    </ClInclude>
    <ClInclude Include="D3D.h">
      <Filter>Header Files\General</Filter>
    </ClInclude>
    <ClInclude Include="ID3D.h">
      <Filter>Header Files\General</Filter>
    </ClInclude>
    <ClInclude Include="KeyboardComponent.h">
      <Filter>Header Files\Components\Input</Filter>
    </ClInclude>
    <ClInclude Include="InputComponent.h">
      <Filter>Header Files\Components\Input</Filter>
    </ClInclude>
    <ClInclude Include="ControllerComponent.h">
      <Filter>Header Files\Components\Input</Filter>
    </ClInclude>
    <ClInclude Include="Camera.h">
      <Filter>Header Files\General</Filter>
    </ClInclude>
    <ClInclude Include="AudioManager.h">
      <Filter>Header Files\General</Filter>
    </ClInclude>
    <ClInclude Include="IAudioManager.h">
      <Filter>Header Files\General</Filter>
    </ClInclude>
    <ClInclude Include="ActorObject.h">
      <Filter>Header Files\Components\Objects</Filter>
    </ClInclude>
    <ClInclude Include="AbilityComponent.h">
      <Filter>Header Files\Components\Ability</Filter>
    </ClInclude>
    <ClInclude Include="Commands.h">
      <Filter>Header Files\Commands</Filter>
    </ClInclude>
    <ClInclude Include="RectangleComponent.h">
      <Filter>Components</Filter>
    </ClInclude>
  </ItemGroup>
  <ItemGroup>
    <ClCompile Include="GameObject.cpp">
      <Filter>Source Files\Components\Object</Filter>
    </ClCompile>
    <ClCompile Include="GameTime.cpp">
      <Filter>Source Files\General</Filter>
    </ClCompile>
    <ClCompile Include="main.cpp">
      <Filter>Source Files\General</Filter>
    </ClCompile>
    <ClCompile Include="StateManager.cpp">
      <Filter>Source Files\States</Filter>
    </ClCompile>
    <ClCompile Include="Locator.cpp">
      <Filter>Source Files\General</Filter>
    </ClCompile>
    <ClCompile Include="GameManager.cpp">
      <Filter>Source Files\General</Filter>
    </ClCompile>
    <ClCompile Include="GamePlayState.cpp">
      <Filter>Source Files\States</Filter>
    </ClCompile>
    <ClCompile Include="TextureComponent.cpp">
      <Filter>Source Files\Components\Graphics</Filter>
    </ClCompile>
    <ClCompile Include="BlockComponent.cpp">
      <Filter>Source Files\Components\Graphics</Filter>
    </ClCompile>
    <ClCompile Include="Shader.cpp">
      <Filter>Source Files\General</Filter>
    </ClCompile>
    <ClCompile Include="Renderer.cpp">
      <Filter>Source Files\General</Filter>
    </ClCompile>
    <ClCompile Include="RenderInputOrganizer.cpp">
      <Filter>Source Files\General</Filter>
    </ClCompile>
    <ClCompile Include="D3D.cpp">
      <Filter>Source Files\General</Filter>
    </ClCompile>
    <ClCompile Include="KeyboardComponent.cpp">
      <Filter>Source Files\Components\Input</Filter>
    </ClCompile>
    <ClCompile Include="InputComponent.cpp">
      <Filter>Source Files\Components\Input</Filter>
    <ClCompile Include="BlockComponent.cpp">
      <Filter>Source Files\Components\Graphics</Filter>
    </ClCompile>
    <ClCompile Include="RectangleComponent.cpp">
      <Filter>Source Files\Components\Graphics</Filter>
    </ClCompile>
    <ClCompile Include="ControllerComponent.cpp">
      <Filter>Source Files\Components\Input</Filter>
    <ClCompile Include="LineComponent.cpp">
      <Filter>Source Files\Components\Graphics</Filter>
    </ClCompile>
    <ClCompile Include="Camera.cpp">
      <Filter>Source Files\General</Filter>
    </ClCompile>
    <ClCompile Include="AudioManager.cpp">
      <Filter>Source Files\General</Filter>
    </ClCompile>
    <ClCompile Include="ActorObject.cpp">
      <Filter>Source Files\Components\Object</Filter>
    </ClCompile>
    <ClCompile Include="AbilityComponent.cpp">
      <Filter>Source Files\Components\Ability</Filter>
    </ClCompile>
  </ItemGroup>
  <ItemGroup>
    <None Include="packages.config">
      <Filter>Resource Files</Filter>
    </None>
  </ItemGroup>
  <ItemGroup>
    <Filter Include="Fresh">
      <UniqueIdentifier>{912a2ecd-60b2-4f57-8eae-b74a1f30f446}</UniqueIdentifier>
    </Filter>
    <Filter Include="Objects">
      <UniqueIdentifier>{e4b7f9b7-f0dc-40b6-852d-9968542d0be6}</UniqueIdentifier>
    </Filter>
    <Filter Include="Components">
      <UniqueIdentifier>{5c3565ef-e085-40e4-9b44-d555150a0bbe}</UniqueIdentifier>
    </Filter>
  </ItemGroup>
</Project>