<?xml version="1.0" encoding="utf-8"?>
<Project ToolsVersion="4.0" xmlns="http://schemas.microsoft.com/developer/msbuild/2003">
  <ItemGroup>
    <FxCompile Include="geoPassPixelColor.hlsl" />
    <FxCompile Include="geoPassPixelTex.hlsl" />
    <FxCompile Include="geoPassVertTex.hlsl" />
    <FxCompile Include="geoPassVertColor.hlsl" />
    <FxCompile Include="lightPassPixel.hlsl" />
    <FxCompile Include="lightPassVert.hlsl" />
  </ItemGroup>
  <ItemGroup>
    <ClCompile Include="AbilityComponent.cpp" />
    <ClCompile Include="ActorObject.cpp" />
    <ClCompile Include="AIComponent.cpp" />
    <ClCompile Include="ArenaObject.cpp" />
    <ClCompile Include="ControllerComponent.cpp" />
    <ClCompile Include="Camera.cpp" />
    <ClCompile Include="CollisionHandler.cpp" />
    <ClCompile Include="Crosshair.cpp" />
    <ClCompile Include="D3D.cpp" />
    <ClCompile Include="EndState.cpp" />
    <ClCompile Include="EnemyAttackComponent.h" />
    <ClCompile Include="EnemyAttackingState.cpp" />
    <ClCompile Include="EnemyManager.cpp" />
    <ClCompile Include="RandomGeneration.cpp" />
    <ClCompile Include="EnemyMovingState.cpp" />
    <ClCompile Include="SpAutoAttack.cpp" />
    <ClCompile Include="EnemyObject.cpp" />
    <ClCompile Include="ImmolationEnemyAttack.cpp" />
    <ClCompile Include="LevelManager.cpp" />
    <ClCompile Include="FireballComponent.cpp" />
    <ClCompile Include="MobilitySpell.cpp" />
    <ClCompile Include="MouseInput.cpp" />
    <ClCompile Include="Projectile.cpp" />
    <ClCompile Include="QuadTree.cpp" />
    <ClCompile Include="Renderer.cpp" />
    <ClCompile Include="GameObject.cpp" />
    <ClCompile Include="GamePlayState.cpp" />
    <ClCompile Include="GameTime.cpp" />
    <ClCompile Include="InputComponent.cpp" />
    <ClCompile Include="KeyboardComponent.cpp" />
    <ClCompile Include="LineComponent.cpp" />
    <ClCompile Include="Locator.cpp" />
    <ClCompile Include="main.cpp" />
    <ClCompile Include="GameManager.cpp" />
    <ClCompile Include="BlockComponent.cpp" />
    <ClCompile Include="RenderInputOrganizer.cpp" />
    <ClCompile Include="Shader.cpp" />
    <ClCompile Include="AudioManager.cpp" />
    <ClCompile Include="RectangleComponent.cpp" />
    <ClCompile Include="PhysicsComponent.cpp" />
    <ClCompile Include="SpBomb.cpp" />
    <ClCompile Include="SpBuff.cpp" />
    <ClCompile Include="SpDash.cpp" />
    <ClCompile Include="Spell.cpp" />
    <ClCompile Include="SpFire.cpp" />
    <ClCompile Include="StateManager.cpp" />
    <ClCompile Include="EnemyAttackingState.cpp">
      <Filter>EnemyStates</Filter>
    </ClCompile>
    <ClCompile Include="EnemyMovingState.cpp">
      <Filter>EnemyStates</Filter>
    </ClCompile>
    <ClCompile Include="RandomGeneration.cpp" />
    <ClCompile Include="Crosshair.cpp" />
    <ClCompile Include="FloorFallPatterns.cpp" />
    <ClCompile Include="RestartState.cpp" />
    <ClCompile Include="GlobalEvents.cpp" />
    <ClCompile Include="ArenaGlobals.cpp" />
    <ClCompile Include="ArenaPatterns.cpp" />
  </ItemGroup>
  <ItemGroup>
    <ClInclude Include="AbilityComponent.h" />
    <ClInclude Include="ActorObject.h" />
    <ClInclude Include="AIComponent.h" />
    <ClInclude Include="ArenaGlobals.h" />
    <ClInclude Include="ArenaObject.h" />
    <ClInclude Include="Commands.h" />
    <ClInclude Include="CollisionHandler.h" />
    <ClInclude Include="Component.h" />
    <ClInclude Include="ControllerComponent.h" />
    <ClInclude Include="Camera.h" />
    <ClInclude Include="Crosshair.h" />
    <ClInclude Include="D3D.h" />
    <ClInclude Include="EnemyAttackingState.h" />
    <ClInclude Include="EnemyMovingState.h" />
    <ClInclude Include="EnemyState.h" />
    <ClInclude Include="IncludeSpells.h" />
    <ClInclude Include="IRandomGeneration.h" />
    <ClInclude Include="RandomGeneration.h" />
    <ClInclude Include="SpBomb.h" />
    <ClInclude Include="SpAutoAttack.h" />
    <ClInclude Include="EndState.h" />
    <ClInclude Include="EnemyManager.h" />
    <ClInclude Include="EnemyObject.h" />
    <ClInclude Include="ImmolationEnemyAttack.h" />
    <ClInclude Include="FireballComponent.h" />
    <ClInclude Include="ID3D.h" />
    <ClInclude Include="MobilitySpell.h" />
    <ClInclude Include="LevelManager.h" />
    <ClInclude Include="MouseInput.h" />
    <ClInclude Include="Projectile.h" />
    <ClInclude Include="QuadTree.h" />
    <ClInclude Include="Renderer.h" />
    <ClInclude Include="GameObject.h" />
    <ClInclude Include="GamePlayState.h" />
    <ClInclude Include="GameTime.h" />
    <ClInclude Include="GraphicsComponent.h" />
    <ClInclude Include="IGameTime.h" />
    <ClInclude Include="InputComponent.h" />
    <ClInclude Include="KeyboardComponent.h" />
    <ClInclude Include="IAudioManager.h" />
    <ClInclude Include="LineComponent.h" />
    <ClInclude Include="Locator.h" />
    <ClInclude Include="GameManager.h" />
    <ClInclude Include="BlockComponent.h" />
    <ClInclude Include="RectangleComponent.h" />
    <ClInclude Include="RenderInputOrganizer.h" />
    <ClInclude Include="Shader.h" />
    <ClInclude Include="AudioManager.h" />
    <ClInclude Include="PhysicsComponent.h" />
    <ClInclude Include="SpBuff.h" />
    <ClInclude Include="SpDash.h" />
    <ClInclude Include="Spell.h" />
    <ClInclude Include="SpFire.h" />
    <ClInclude Include="State.h" />
    <ClInclude Include="StateManager.h" />
    <ClInclude Include="EnemyMovingState.h">
      <Filter>EnemyStates</Filter>
    </ClInclude>
    <ClInclude Include="EnemyAttackingState.h">
      <Filter>EnemyStates</Filter>
    </ClInclude>
    <ClInclude Include="EnemyState.h">
      <Filter>EnemyStates</Filter>
    </ClInclude>
    <ClInclude Include="Commands.h">
      <Filter>commands</Filter>
    </ClInclude>
    <ClInclude Include="IRandomGeneration.h" />
    <ClInclude Include="RandomGeneration.h" />
    <ClInclude Include="Crosshair.h" />
    <ClInclude Include="FloorFallPatterns.h" />
    <ClInclude Include="RestartState.h" />
    <ClInclude Include="IGlobalEvents.h" />
    <ClInclude Include="GlobalEvents.h" />
    <ClInclude Include="ArenaPatterns.h" />
  </ItemGroup>
  <ItemGroup>
    <None Include="packages.config" />
  </ItemGroup>
</Project>