<?xml version="1.0" encoding="utf-8"?>
<Project ToolsVersion="4.0" xmlns="http://schemas.microsoft.com/developer/msbuild/2003">
  <ItemGroup>
    <FxCompile Include="geoPassPixelColor.hlsl" />
    <FxCompile Include="geoPassPixelTex.hlsl" />
    <FxCompile Include="geoPassVertTex.hlsl" />
    <FxCompile Include="geoPassVertColor.hlsl" />
    <FxCompile Include="lightPassPixel.hlsl" />
    <FxCompile Include="lightPassVert.hlsl" />
  </ItemGroup>
  <ItemGroup>
    <ClCompile Include="ActorObject.cpp" />
    <ClCompile Include="AIComponent.cpp" />
    <ClCompile Include="ArenaObject.cpp" />
    <ClCompile Include="ControllerComponent.cpp" />
    <ClCompile Include="Camera.cpp" />
    <ClCompile Include="CollisionHandler.cpp" />
    <ClCompile Include="Crosshair.cpp" />
    <ClCompile Include="D3D.cpp" />
    <ClCompile Include="EnemyAttackComponent.h" />
    <ClCompile Include="EnemyAttackingState.cpp" />
    <ClCompile Include="EnemyManager.cpp" />
    <ClCompile Include="RandomGeneration.cpp" />
    <ClCompile Include="EnemyMovingState.cpp" />
    <ClCompile Include="SpAutoAttack.cpp" />
    <ClCompile Include="EnemyObject.cpp" />
    <ClCompile Include="ImmolationEnemyAttack.cpp" />
    <ClCompile Include="LevelManager.cpp" />
    <ClCompile Include="MouseInput.cpp" />
    <ClCompile Include="Projectile.cpp" />
    <ClCompile Include="QuadTree.cpp" />
    <ClCompile Include="Renderer.cpp" />
    <ClCompile Include="GameObject.cpp" />
    <ClCompile Include="GamePlayState.cpp" />
    <ClCompile Include="GameTime.cpp" />
    <ClCompile Include="InputComponent.cpp" />
    <ClCompile Include="KeyboardComponent.cpp" />
    <ClCompile Include="LineComponent.cpp" />
    <ClCompile Include="Locator.cpp" />
    <ClCompile Include="main.cpp" />
    <ClCompile Include="GameManager.cpp" />
    <ClCompile Include="BlockComponent.cpp" />
    <ClCompile Include="RenderInputOrganizer.cpp" />
    <ClCompile Include="Shader.cpp" />
    <ClCompile Include="AudioManager.cpp" />
    <ClCompile Include="RectangleComponent.cpp" />
    <ClCompile Include="PhysicsComponent.cpp" />
    <ClCompile Include="SpBomb.cpp" />
    <ClCompile Include="SpBuff.cpp" />
    <ClCompile Include="SpDash.cpp" />
    <ClCompile Include="Spell.cpp" />
    <ClCompile Include="SpFire.cpp" />
    <ClCompile Include="StateManager.cpp" />
    <ClCompile Include="EnemyAttackingState.cpp">
      <Filter>EnemyStates</Filter>
    </ClCompile>
    <ClCompile Include="EnemyMovingState.cpp">
      <Filter>EnemyStates</Filter>
    </ClCompile>
    <ClCompile Include="RandomGeneration.cpp" />
    <ClCompile Include="Crosshair.cpp" />
    <ClCompile Include="EnemyObject.cpp">
      <Filter>Clusterer</Filter>
    </ClCompile>
    <ClCompile Include="SwarmerEnemyAttack.cpp">
      <Filter>Swarmer\Specific</Filter>
    </ClCompile>
    <ClCompile Include="SwarmerSyncincState.cpp">
      <Filter>Swarmer\Specific\States</Filter>
    </ClCompile>
    <ClCompile Include="SwarmerState.cpp">
      <Filter>Swarmer\Specific\States</Filter>
    </ClCompile>
    <ClCompile Include="Grid.cpp">
      <Filter>Swarmer\Grid</Filter>
    </ClCompile>
    <ClCompile Include="RestartState.cpp" />
    <ClCompile Include="GlobalEvents.cpp" />
    <ClCompile Include="ArenaGlobals.cpp" />
    <ClCompile Include="ArenaPatterns.cpp" />
    <ClCompile Include="GUIManager.cpp" />
    <ClCompile Include="Button.cpp" />
    <ClCompile Include="D2D.cpp" />
    <ClCompile Include="Menu.cpp" />
    <ClCompile Include="MenuObject.cpp" />
    <ClCompile Include="MenuState.cpp" />
    <ClCompile Include="RewardMenuState.cpp" />
    <ClCompile Include="SpSwarmProjectile.cpp">
      <Filter>Swarmer</Filter>
    </ClCompile>
    <ClCompile Include="SpEnemyImmolation.cpp" />
    <ClCompile Include="SwarmerSeekingState.cpp">
      <Filter>Swarmer\Specific\States</Filter>
    </ClCompile>
    <ClCompile Include="EnemyState.cpp" />
    <ClCompile Include="BossState.cpp">
      <Filter>Boss\BossStates</Filter>
    </ClCompile>
    <ClCompile Include="SpBossBulletHell.cpp">
      <Filter>Boss\BossAttacks</Filter>
    </ClCompile>
    <ClCompile Include="BossMoveToArenaState.cpp">
      <Filter>Boss\BossStates</Filter>
    </ClCompile>
    <ClCompile Include="BossBattleIntroState.cpp">
      <Filter>Boss\BossStates</Filter>
    </ClCompile>
    <ClCompile Include="BossMoveAwayFromArenaState.cpp">
      <Filter>Boss\BossStates</Filter>
    </ClCompile>
    <ClCompile Include="BossBulletHellState.cpp">
      <Filter>Boss\BossStates</Filter>
    </ClCompile>
    <ClCompile Include="StatisticsMenuState.cpp" />
    <ClCompile Include="StatsHeader.cpp" />
    <ClCompile Include="IDHandler.cpp" />
    <ClCompile Include="PauseMenuState.cpp" />
    <ClCompile Include="HomeMenuState.cpp" />
    <ClCompile Include="BossGeneratorBattleState.cpp">
      <Filter>Boss\BossStates</Filter>
    </ClCompile>
  </ItemGroup>
  <ItemGroup>
    <ClInclude Include="ActorObject.h" />
    <ClInclude Include="AIComponent.h" />
    <ClInclude Include="ArenaGlobals.h" />
    <ClInclude Include="ArenaObject.h" />
    <ClInclude Include="Commands.h" />
    <ClInclude Include="CollisionHandler.h" />
    <ClInclude Include="Component.h" />
    <ClInclude Include="ControllerComponent.h" />
    <ClInclude Include="Camera.h" />
    <ClInclude Include="Crosshair.h" />
    <ClInclude Include="D3D.h" />
    <ClInclude Include="EnemyAttackingState.h" />
    <ClInclude Include="EnemyMovingState.h" />
    <ClInclude Include="EnemyState.h" />
    <ClInclude Include="IncludeSpells.h" />
    <ClInclude Include="IRandomGeneration.h" />
    <ClInclude Include="RandomGeneration.h" />
    <ClInclude Include="SpBomb.h" />
    <ClInclude Include="SpAutoAttack.h" />
    <ClInclude Include="EnemyManager.h" />
    <ClInclude Include="ImmolationEnemyAttack.h" />
    <ClInclude Include="ID3D.h" />
    <ClInclude Include="LevelManager.h" />
    <ClInclude Include="MouseInput.h" />
    <ClInclude Include="Projectile.h" />
    <ClInclude Include="QuadTree.h" />
    <ClInclude Include="Renderer.h" />
    <ClInclude Include="GameObject.h" />
    <ClInclude Include="GamePlayState.h" />
    <ClInclude Include="GameTime.h" />
    <ClInclude Include="GraphicsComponent.h" />
    <ClInclude Include="IGameTime.h" />
    <ClInclude Include="InputComponent.h" />
    <ClInclude Include="KeyboardComponent.h" />
    <ClInclude Include="IAudioManager.h" />
    <ClInclude Include="LineComponent.h" />
    <ClInclude Include="Locator.h" />
    <ClInclude Include="GameManager.h" />
    <ClInclude Include="BlockComponent.h" />
    <ClInclude Include="RectangleComponent.h" />
    <ClInclude Include="RenderInputOrganizer.h" />
    <ClInclude Include="Shader.h" />
    <ClInclude Include="AudioManager.h" />
    <ClInclude Include="PhysicsComponent.h" />
    <ClInclude Include="SpBuff.h" />
    <ClInclude Include="SpDash.h" />
    <ClInclude Include="Spell.h" />
    <ClInclude Include="SpFire.h" />
    <ClInclude Include="State.h" />
    <ClInclude Include="StateManager.h" />
    <ClInclude Include="EnemyMovingState.h">
      <Filter>EnemyStates</Filter>
    </ClInclude>
    <ClInclude Include="EnemyAttackingState.h">
      <Filter>EnemyStates</Filter>
    </ClInclude>
    <ClInclude Include="EnemyState.h">
      <Filter>EnemyStates</Filter>
    </ClInclude>
    <ClInclude Include="Commands.h">
      <Filter>commands</Filter>
    </ClInclude>
    <ClInclude Include="IRandomGeneration.h" />
    <ClInclude Include="RandomGeneration.h" />
    <ClInclude Include="Crosshair.h" />
    <ClInclude Include="EnemyObject.h">
      <Filter>Swarmer</Filter>
    </ClInclude>
    <ClInclude Include="SwarmerEnemyAttack.h">
      <Filter>Swarmer\Specific</Filter>
    </ClInclude>
    <ClInclude Include="SwarmerSyncingState.h">
      <Filter>Swarmer\Specific\States</Filter>
    </ClInclude>
    <ClInclude Include="SwarmerState.h">
      <Filter>Swarmer\Specific\States</Filter>
    </ClInclude>
    <ClInclude Include="Grid.h">
      <Filter>Swarmer\Grid</Filter>
    </ClInclude>
    <ClInclude Include="GlobalEvents.h" />
    <ClInclude Include="IGlobalEvents.h" />
    <ClInclude Include="RestartState.h" />
    <ClInclude Include="SpSwarmProjectile.h">
      <Filter>Swarmer</Filter>
    </ClInclude>
    <ClInclude Include="EnemySpell.h" />
    <ClInclude Include="SpEnemyImmolation.h" />
    <ClInclude Include="EnemyIncludes.h" />
    <ClInclude Include="SwarmerSeekingState.h">
      <Filter>Swarmer\Specific\States</Filter>
    </ClInclude>
    <ClInclude Include="SwarmerOutsideState.h" />
    <ClInclude Include="IGlobalEvents.h" />
    <ClInclude Include="GlobalEvents.h" />
    <ClInclude Include="ArenaPatterns.h" />
    <ClInclude Include="GUIManager.h" />
    <ClInclude Include="Button.h" />
    <ClInclude Include="D2D.h" />
    <ClInclude Include="Menu.h" />
    <ClInclude Include="MenuObject.h" />
    <ClInclude Include="MenuState.h" />
    <ClInclude Include="RewardMenuState.h" />
    <ClInclude Include="D2D.h" />
    <ClInclude Include="ID2D.h" />
    <ClInclude Include="BossState.h">
      <Filter>Boss\BossStates</Filter>
    </ClInclude>
    <ClInclude Include="BossMoveToArenaState.h">
      <Filter>Boss\BossStates</Filter>
    </ClInclude>
    <ClInclude Include="BossBattleIntroState.h">
      <Filter>Boss\BossStates</Filter>
    </ClInclude>
    <ClInclude Include="SpBossBulletHell.h">
      <Filter>Boss\BossAttacks</Filter>
    </ClInclude>
    <ClInclude Include="BossMoveAwayFromArenaState.h">
      <Filter>Boss\BossStates</Filter>
    </ClInclude>
    <ClInclude Include="BossBulletHellState.h">
      <Filter>Boss\BossStates</Filter>
    </ClInclude>
    <ClInclude Include="StatisticsMenuState.h" />
    <ClInclude Include="StatsHeader.h" />
    <ClInclude Include="IStatsHeader.h" />
    <ClInclude Include="IDHandler.h" />
    <ClInclude Include="PauseMenuState.h" />
    <ClInclude Include="HomeMenuState.h" />
    <ClInclude Include="BossGeneratorBattleState.h">
      <Filter>Boss\BossStates</Filter>
    </ClInclude>
  </ItemGroup>
  <ItemGroup>
    <None Include="packages.config" />
  </ItemGroup>
  <ItemGroup>
    <Filter Include="EnemyStates">
      <UniqueIdentifier>{46f08af3-2cb4-4d05-aa85-f1c8cc631ae7}</UniqueIdentifier>
    </Filter>
    <Filter Include="commands">
      <UniqueIdentifier>{93f036e5-4317-4fa6-992f-34db81e43336}</UniqueIdentifier>
    </Filter>
    <Filter Include="Swarmer">
      <UniqueIdentifier>{ab4f5436-863a-433a-bc76-6b48f405ff28}</UniqueIdentifier>
    </Filter>
    <Filter Include="Swarmer\Specific">
      <UniqueIdentifier>{976318a9-8a70-4d62-a495-5d8e8c576690}</UniqueIdentifier>
    </Filter>
    <Filter Include="Swarmer\Specific\States">
      <UniqueIdentifier>{f3438d75-b948-4a15-a5f9-a7a00462c143}</UniqueIdentifier>
    </Filter>
    <Filter Include="Swarmer\Grid">
      <UniqueIdentifier>{917cd026-3d48-4e66-ba66-6f68d9feb979}</UniqueIdentifier>
    </Filter>
    <Filter Include="Boss">
      <UniqueIdentifier>{98af5f77-0939-47be-90a2-fe04e436126b}</UniqueIdentifier>
    </Filter>
    <Filter Include="Boss\BossStates">
      <UniqueIdentifier>{40ebde2a-2545-4831-be7d-5be64ee3eb4f}</UniqueIdentifier>
    </Filter>
    <Filter Include="Boss\BossAttacks">
      <UniqueIdentifier>{55fad5b4-212c-463b-a3f2-89f3b0d933e8}</UniqueIdentifier>
    </Filter>
  </ItemGroup>
  <ItemGroup>
    <Image Include="captureqwsx.bmp" />
  </ItemGroup>
</Project>